
Microsoft Visual Studio Solution File, Format Version 12.00
# Visual Studio Version 16
VisualStudioVersion = 16.0.35731.53
MinimumVisualStudioVersion = 10.0.40219.1
Project("{FAE04EC0-301F-11D3-BF4B-00C04F79EFBC}") = "arrayunidimencional-vetor", "arrayunidimencional-vetor.csproj", "{33BBFB88-ACF9-4A9C-86CB-ADF32A05B5A7}"
EndProject
Global
	GlobalSection(SolutionConfigurationPlatforms) = preSolution
		Debug|Any CPU = Debug|Any CPU
		Debug|x64 = Debug|x64
		Release|Any CPU = Release|Any CPU
		Release|x64 = Release|x64
	EndGlobalSection
	GlobalSection(ProjectConfigurationPlatforms) = postSolution
		{33BBFB88-ACF9-4A9C-86CB-ADF32A05B5A7}.Debug|Any CPU.ActiveCfg = Debug|Any CPU
		{33BBFB88-ACF9-4A9C-86CB-ADF32A05B5A7}.Debug|Any CPU.Build.0 = Debug|Any CPU
		{33BBFB88-ACF9-4A9C-86CB-ADF32A05B5A7}.Debug|x64.ActiveCfg = Debug|x64
		{33BBFB88-ACF9-4A9C-86CB-ADF32A05B5A7}.Debug|x64.Build.0 = Debug|x64
		{33BBFB88-ACF9-4A9C-86CB-ADF32A05B5A7}.Release|Any CPU.ActiveCfg = Release|Any CPU
		{33BBFB88-ACF9-4A9C-86CB-ADF32A05B5A7}.Release|Any CPU.Build.0 = Release|Any CPU
		{33BBFB88-ACF9-4A9C-86CB-ADF32A05B5A7}.Release|x64.ActiveCfg = Release|x64
		{33BBFB88-ACF9-4A9C-86CB-ADF32A05B5A7}.Release|x64.Build.0 = Release|x64
	EndGlobalSection
	GlobalSection(SolutionProperties) = preSolution
		HideSolutionNode = FALSE
	EndGlobalSection
	GlobalSection(ExtensibilityGlobals) = postSolution
		SolutionGuid = {9FB8455D-4126-4F35-B210-C73E2C4148EA}
	EndGlobalSection
EndGlobal
