
Microsoft Visual Studio Solution File, Format Version 12.00
# Visual Studio Version 16
VisualStudioVersion = 16.0.35731.53
MinimumVisualStudioVersion = 10.0.40219.1
Project("{FAE04EC0-301F-11D3-BF4B-00C04F79EFBC}") = "jogodenumeros", "jogodenumeros.csproj", "{68F0D1B5-A143-4E00-A994-61CC377FDC31}"
EndProject
Global
	GlobalSection(SolutionConfigurationPlatforms) = preSolution
		Debug|Any CPU = Debug|Any CPU
		Debug|x64 = Debug|x64
		Release|Any CPU = Release|Any CPU
		Release|x64 = Release|x64
	EndGlobalSection
	GlobalSection(ProjectConfigurationPlatforms) = postSolution
		{68F0D1B5-A143-4E00-A994-61CC377FDC31}.Debug|Any CPU.ActiveCfg = Debug|Any CPU
		{68F0D1B5-A143-4E00-A994-61CC377FDC31}.Debug|Any CPU.Build.0 = Debug|Any CPU
		{68F0D1B5-A143-4E00-A994-61CC377FDC31}.Debug|x64.ActiveCfg = Debug|x64
		{68F0D1B5-A143-4E00-A994-61CC377FDC31}.Debug|x64.Build.0 = Debug|x64
		{68F0D1B5-A143-4E00-A994-61CC377FDC31}.Release|Any CPU.ActiveCfg = Release|Any CPU
		{68F0D1B5-A143-4E00-A994-61CC377FDC31}.Release|Any CPU.Build.0 = Release|Any CPU
		{68F0D1B5-A143-4E00-A994-61CC377FDC31}.Release|x64.ActiveCfg = Release|x64
		{68F0D1B5-A143-4E00-A994-61CC377FDC31}.Release|x64.Build.0 = Release|x64
	EndGlobalSection
	GlobalSection(SolutionProperties) = preSolution
		HideSolutionNode = FALSE
	EndGlobalSection
	GlobalSection(ExtensibilityGlobals) = postSolution
		SolutionGuid = {6195D1E7-68F0-4227-8911-D9BA711E4253}
	EndGlobalSection
EndGlobal
